
Microsoft Visual Studio Solution File, Format Version 12.00
# Visual Studio Version 16
VisualStudioVersion = 16.0.808.7
MinimumVisualStudioVersion = 10.0.40219.1
Project("{FAE04EC0-301F-11D3-BF4B-00C04F79EFBC}") = "DominandoEFCore", "DominandoEFCore.csproj", "{4A9BDC74-AE55-4359-85D6-3A15653CBCEE}"
EndProject
Global
	GlobalSection(SolutionConfigurationPlatforms) = preSolution
		Debug|Any CPU = Debug|Any CPU
		Release|Any CPU = Release|Any CPU
	EndGlobalSection
	GlobalSection(ProjectConfigurationPlatforms) = postSolution
		{4A9BDC74-AE55-4359-85D6-3A15653CBCEE}.Debug|Any CPU.ActiveCfg = Debug|Any CPU
		{4A9BDC74-AE55-4359-85D6-3A15653CBCEE}.Debug|Any CPU.Build.0 = Debug|Any CPU
		{4A9BDC74-AE55-4359-85D6-3A15653CBCEE}.Release|Any CPU.ActiveCfg = Release|Any CPU
		{4A9BDC74-AE55-4359-85D6-3A15653CBCEE}.Release|Any CPU.Build.0 = Release|Any CPU
	EndGlobalSection
	GlobalSection(SolutionProperties) = preSolution
		HideSolutionNode = FALSE
	EndGlobalSection
	GlobalSection(ExtensibilityGlobals) = postSolution
		SolutionGuid = {0FD3099B-7083-4A3F-BD59-9E9182ED4419}
	EndGlobalSection
EndGlobal
